github.com/AdityaSoni128/calculatorwithgo v1.1.2 h1:fE7vS5rQ6ov8nLC798/ZyXaHrcAo1O/IAJDr6mMpEhM=
github.com/AdityaSoni128/calculatorwithgo v1.1.2/go.mod h1:tL3ayu3E6GQXYuw9ENFWi3a4B4NabLOkolb0RW6rC8E=
github.com/AdityaSoni128/tablebuilderwithgo v1.1.0 h1:jIs+DkjIVsHPM+28U+CopUXJ98pFBWX1D7Fgz6c1tCA=
github.com/AdityaSoni128/tablebuilderwithgo v1.1.0/go.mod h1:9Gut6HeWaHD+UOSXEYDzXC6UmrD3zNqL+tHfdCXRFDc=
